
Microsoft Visual Studio Solution File, Format Version 12.00
# Visual Studio Version 17
VisualStudioVersion = 17.12.35707.178
MinimumVisualStudioVersion = 10.0.40219.1
Project("{2150E333-8FDC-42A3-9474-1A3956D46DE8}") = "src", "src", "{C1148EE6-378A-4379-9594-1B0754893A20}"
EndProject
Project("{2150E333-8FDC-42A3-9474-1A3956D46DE8}") = "services", "services", "{80FF0E1D-3284-4A01-973B-FBD9F4C45EAA}"
EndProject
Project("{2150E333-8FDC-42A3-9474-1A3956D46DE8}") = "catalog", "catalog", "{E8DDE64A-AD04-420E-A25E-7DEFC9544FED}"
EndProject
Project("{FAE04EC0-301F-11D3-BF4B-00C04F79EFBC}") = "Microservice.Catalog", "src\services\catalog\Microservice.Catalog\Microservice.Catalog.csproj", "{D5EC3C9D-D030-4360-8CFB-F4A09A66D3B5}"
EndProject
Project("{2150E333-8FDC-42A3-9474-1A3956D46DE8}") = "shared", "shared", "{303B47B9-FE29-48DD-B07F-8E61850B77F8}"
EndProject
Project("{FAE04EC0-301F-11D3-BF4B-00C04F79EFBC}") = "Microservice.Shared", "src\shared\Microservice.Shared\Microservice.Shared.csproj", "{00D70CF1-72D3-4EF3-807A-10EE0098BDE1}"
EndProject
Project("{2150E333-8FDC-42A3-9474-1A3956D46DE8}") = "identityServer", "identityServer", "{FEE1DBCD-149B-4B7B-875B-110D48057087}"
EndProject
Project("{FAE04EC0-301F-11D3-BF4B-00C04F79EFBC}") = "Microservice.IdentityServer", "src\identityServer\Microservice.IdentityServer\Microservice.IdentityServer.csproj", "{91AF5A1B-2E1F-4C1D-AACA-D91877237078}"
EndProject
Project("{2150E333-8FDC-42A3-9474-1A3956D46DE8}") = "photoStock", "photoStock", "{1CE426E6-EA44-4F63-9B84-77B34FF53FB6}"
EndProject
Project("{FAE04EC0-301F-11D3-BF4B-00C04F79EFBC}") = "Microservice.PhotoStock", "src\services\photoStock\Microservice.PhotoStock\Microservice.PhotoStock.csproj", "{38127819-67BD-44F0-B1F1-216757AFB228}"
EndProject
Project("{2150E333-8FDC-42A3-9474-1A3956D46DE8}") = "Solution Items", "Solution Items", "{62394509-62CD-4484-8712-ED538580E6D2}"
	ProjectSection(SolutionItems) = preProject
		Ports.txt = Ports.txt
	EndProjectSection
EndProject
Project("{2150E333-8FDC-42A3-9474-1A3956D46DE8}") = "basket", "basket", "{E24756C5-D1AA-41D5-B526-3E89B186E439}"
EndProject
Project("{FAE04EC0-301F-11D3-BF4B-00C04F79EFBC}") = "Microservice.Basket", "src\services\basket\Microservice.Basket\Microservice.Basket.csproj", "{C5068B71-D7E1-43F5-9EED-B832B28F9F57}"
EndProject
Project("{2150E333-8FDC-42A3-9474-1A3956D46DE8}") = "discount", "discount", "{754733A0-E918-4077-ADE9-AB3EEBFBB445}"
EndProject
Project("{FAE04EC0-301F-11D3-BF4B-00C04F79EFBC}") = "Microservice.Discount", "src\services\discount\Microservice.Discount\Microservice.Discount.csproj", "{1DE7995A-C86D-4A61-B348-A3056289CE28}"
EndProject
Global
	GlobalSection(SolutionConfigurationPlatforms) = preSolution
		Debug|Any CPU = Debug|Any CPU
		Release|Any CPU = Release|Any CPU
	EndGlobalSection
	GlobalSection(ProjectConfigurationPlatforms) = postSolution
		{D5EC3C9D-D030-4360-8CFB-F4A09A66D3B5}.Debug|Any CPU.ActiveCfg = Debug|Any CPU
		{D5EC3C9D-D030-4360-8CFB-F4A09A66D3B5}.Debug|Any CPU.Build.0 = Debug|Any CPU
		{D5EC3C9D-D030-4360-8CFB-F4A09A66D3B5}.Release|Any CPU.ActiveCfg = Release|Any CPU
		{D5EC3C9D-D030-4360-8CFB-F4A09A66D3B5}.Release|Any CPU.Build.0 = Release|Any CPU
		{00D70CF1-72D3-4EF3-807A-10EE0098BDE1}.Debug|Any CPU.ActiveCfg = Debug|Any CPU
		{00D70CF1-72D3-4EF3-807A-10EE0098BDE1}.Debug|Any CPU.Build.0 = Debug|Any CPU
		{00D70CF1-72D3-4EF3-807A-10EE0098BDE1}.Release|Any CPU.ActiveCfg = Release|Any CPU
		{00D70CF1-72D3-4EF3-807A-10EE0098BDE1}.Release|Any CPU.Build.0 = Release|Any CPU
		{91AF5A1B-2E1F-4C1D-AACA-D91877237078}.Debug|Any CPU.ActiveCfg = Debug|Any CPU
		{91AF5A1B-2E1F-4C1D-AACA-D91877237078}.Debug|Any CPU.Build.0 = Debug|Any CPU
		{91AF5A1B-2E1F-4C1D-AACA-D91877237078}.Release|Any CPU.ActiveCfg = Release|Any CPU
		{91AF5A1B-2E1F-4C1D-AACA-D91877237078}.Release|Any CPU.Build.0 = Release|Any CPU
		{38127819-67BD-44F0-B1F1-216757AFB228}.Debug|Any CPU.ActiveCfg = Debug|Any CPU
		{38127819-67BD-44F0-B1F1-216757AFB228}.Debug|Any CPU.Build.0 = Debug|Any CPU
		{38127819-67BD-44F0-B1F1-216757AFB228}.Release|Any CPU.ActiveCfg = Release|Any CPU
		{38127819-67BD-44F0-B1F1-216757AFB228}.Release|Any CPU.Build.0 = Release|Any CPU
		{C5068B71-D7E1-43F5-9EED-B832B28F9F57}.Debug|Any CPU.ActiveCfg = Debug|Any CPU
		{C5068B71-D7E1-43F5-9EED-B832B28F9F57}.Debug|Any CPU.Build.0 = Debug|Any CPU
		{C5068B71-D7E1-43F5-9EED-B832B28F9F57}.Release|Any CPU.ActiveCfg = Release|Any CPU
		{C5068B71-D7E1-43F5-9EED-B832B28F9F57}.Release|Any CPU.Build.0 = Release|Any CPU
		{1DE7995A-C86D-4A61-B348-A3056289CE28}.Debug|Any CPU.ActiveCfg = Debug|Any CPU
		{1DE7995A-C86D-4A61-B348-A3056289CE28}.Debug|Any CPU.Build.0 = Debug|Any CPU
		{1DE7995A-C86D-4A61-B348-A3056289CE28}.Release|Any CPU.ActiveCfg = Release|Any CPU
		{1DE7995A-C86D-4A61-B348-A3056289CE28}.Release|Any CPU.Build.0 = Release|Any CPU
	EndGlobalSection
	GlobalSection(SolutionProperties) = preSolution
		HideSolutionNode = FALSE
	EndGlobalSection
	GlobalSection(NestedProjects) = preSolution
		{80FF0E1D-3284-4A01-973B-FBD9F4C45EAA} = {C1148EE6-378A-4379-9594-1B0754893A20}
		{E8DDE64A-AD04-420E-A25E-7DEFC9544FED} = {80FF0E1D-3284-4A01-973B-FBD9F4C45EAA}
		{D5EC3C9D-D030-4360-8CFB-F4A09A66D3B5} = {E8DDE64A-AD04-420E-A25E-7DEFC9544FED}
		{303B47B9-FE29-48DD-B07F-8E61850B77F8} = {C1148EE6-378A-4379-9594-1B0754893A20}
		{00D70CF1-72D3-4EF3-807A-10EE0098BDE1} = {303B47B9-FE29-48DD-B07F-8E61850B77F8}
		{FEE1DBCD-149B-4B7B-875B-110D48057087} = {C1148EE6-378A-4379-9594-1B0754893A20}
		{91AF5A1B-2E1F-4C1D-AACA-D91877237078} = {FEE1DBCD-149B-4B7B-875B-110D48057087}
		{1CE426E6-EA44-4F63-9B84-77B34FF53FB6} = {80FF0E1D-3284-4A01-973B-FBD9F4C45EAA}
		{38127819-67BD-44F0-B1F1-216757AFB228} = {1CE426E6-EA44-4F63-9B84-77B34FF53FB6}
		{E24756C5-D1AA-41D5-B526-3E89B186E439} = {80FF0E1D-3284-4A01-973B-FBD9F4C45EAA}
		{C5068B71-D7E1-43F5-9EED-B832B28F9F57} = {E24756C5-D1AA-41D5-B526-3E89B186E439}
		{754733A0-E918-4077-ADE9-AB3EEBFBB445} = {80FF0E1D-3284-4A01-973B-FBD9F4C45EAA}
		{1DE7995A-C86D-4A61-B348-A3056289CE28} = {754733A0-E918-4077-ADE9-AB3EEBFBB445}
	EndGlobalSection
EndGlobal
